
Microsoft Visual Studio Solution File, Format Version 12.00
Project("{FAE04EC0-301F-11D3-BF4B-00C04F79EFBC}") = "BlazorAtoZ", ".\BlazorAtoZ.csproj", "{69D385E9-64AF-42AF-860B-C74B01CAA53A}"
EndProject
Global
	GlobalSection(SolutionConfigurationPlatforms) = preSolution
		Debug|Any CPU = Debug|Any CPU
		Release|Any CPU = Release|Any CPU
	EndGlobalSection
	GlobalSection(ProjectConfigurationPlatforms) = postSolution
		{69D385E9-64AF-42AF-860B-C74B01CAA53A}.Debug|Any CPU.ActiveCfg = Debug|Any CPU
		{69D385E9-64AF-42AF-860B-C74B01CAA53A}.Debug|Any CPU.Build.0 = Debug|Any CPU
		{69D385E9-64AF-42AF-860B-C74B01CAA53A}.Release|Any CPU.ActiveCfg = Release|Any CPU
		{69D385E9-64AF-42AF-860B-C74B01CAA53A}.Release|Any CPU.Build.0 = Release|Any CPU
	EndGlobalSection
EndGlobal
